
Microsoft Visual Studio Solution File, Format Version 12.00
# Visual Studio 15
VisualStudioVersion = 15.0.26730.15
MinimumVisualStudioVersion = 10.0.40219.1
Project("{FAE04EC0-301F-11D3-BF4B-00C04F79EFBC}") = "FizzBuzz", "FizzBuzz\FizzBuzz.csproj", "{ADC3E2FB-583D-4978-9098-15152133A673}"
EndProject
Project("{FAE04EC0-301F-11D3-BF4B-00C04F79EFBC}") = "FizzBuzz.Tests", "FizzBuzz.Tests\FizzBuzz.Tests.csproj", "{38308D3B-C3F7-42DE-97DA-A6A6A72BBDD2}"
EndProject
Global
	GlobalSection(SolutionConfigurationPlatforms) = preSolution
		Debug|Any CPU = Debug|Any CPU
		Release|Any CPU = Release|Any CPU
	EndGlobalSection
	GlobalSection(ProjectConfigurationPlatforms) = postSolution
		{ADC3E2FB-583D-4978-9098-15152133A673}.Debug|Any CPU.ActiveCfg = Debug|Any CPU
		{ADC3E2FB-583D-4978-9098-15152133A673}.Debug|Any CPU.Build.0 = Debug|Any CPU
		{ADC3E2FB-583D-4978-9098-15152133A673}.Release|Any CPU.ActiveCfg = Release|Any CPU
		{ADC3E2FB-583D-4978-9098-15152133A673}.Release|Any CPU.Build.0 = Release|Any CPU
		{38308D3B-C3F7-42DE-97DA-A6A6A72BBDD2}.Debug|Any CPU.ActiveCfg = Debug|Any CPU
		{38308D3B-C3F7-42DE-97DA-A6A6A72BBDD2}.Debug|Any CPU.Build.0 = Debug|Any CPU
		{38308D3B-C3F7-42DE-97DA-A6A6A72BBDD2}.Release|Any CPU.ActiveCfg = Release|Any CPU
		{38308D3B-C3F7-42DE-97DA-A6A6A72BBDD2}.Release|Any CPU.Build.0 = Release|Any CPU
	EndGlobalSection
	GlobalSection(SolutionProperties) = preSolution
		HideSolutionNode = FALSE
	EndGlobalSection
	GlobalSection(ExtensibilityGlobals) = postSolution
		SolutionGuid = {3171CE06-C41C-4D26-A307-4202B45EAD5E}
	EndGlobalSection
EndGlobal
